<?xml version="1.0" encoding="utf-8"?>
<Project ToolsVersion="4.0" xmlns="http://schemas.microsoft.com/developer/msbuild/2003">
  <ItemGroup>
    <Filter Include="Source">
      <UniqueIdentifier>{df9b2626-fbf2-407e-a7f5-3451ece1c16b}</UniqueIdentifier>
    </Filter>
    <Filter Include="Tests">
      <UniqueIdentifier>{e56a0555-4af6-48ea-bbd2-d7fa078555c4}</UniqueIdentifier>
    </Filter>
    <Filter Include="Tests\__TestBase">
      <UniqueIdentifier>{9efa5b8e-5334-40d4-8f5e-000889f2533a}</UniqueIdentifier>
    </Filter>
  </ItemGroup>
  <ItemGroup>
    <ClInclude Include="..\catch.hpp">
      <Filter>Tests\__TestBase</Filter>
    </ClInclude>
    <ClInclude Include="..\..\CCE\SmartPointersSys\WeakPtr.hpp">
      <Filter>Source</Filter>
    </ClInclude>
    <ClInclude Include="..\..\CCE\SmartPointersSys\WeakPtr.inl">
      <Filter>Source</Filter>
    </ClInclude>
  </ItemGroup>
  <ItemGroup>
    <ClCompile Include="main.cpp">
      <Filter>Tests\__TestBase</Filter>
    </ClCompile>
    <ClCompile Include="WeakPtrTest.cpp">
      <Filter>Tests</Filter>
    </ClCompile>
  </ItemGroup>
</Project>